{
  "version": "4",
  "specifiers": {
    "npm:cron@*": "3.2.1"
  },
  "npm": {
    "@types/luxon@3.4.2": {
      "integrity": "sha512-TifLZlFudklWlMBfhubvgqTXRzLDI5pCbGa4P8a3wPyUQSW+1xQ5eDsreP9DWHX3tjq1ke96uYG/nwundroWcA=="
    },
    "cron@3.2.1": {
      "integrity": "sha512-w2n5l49GMmmkBFEsH9FIDhjZ1n1QgTMOCMGuQtOXs5veNiosZmso6bQGuqOJSYAXXrG84WQFVneNk+Yt0Ua9iw==",
      "dependencies": [
        "@types/luxon",
        "luxon"
      ]
    },
    "luxon@3.5.0": {
      "integrity": "sha512-rh+Zjr6DNfUYR3bPwJEnuwDdqMbxZW7LOQfUN4B54+Cl+0o5zaU9RJ6bcidfDtC1cWCZXQ+nvX8bf6bAji37QQ=="
    }
  }
}
